{
    "_meta": {
        "hash": {
            "sha256": "69054a5872c2cad005a80ae72e707d96a021fe2ded4de1a21d6dcb05ee7dec0a"
        },
        "pipfile-spec": 6,
        "requires": {
            "python_version": "3.8"
        },
        "sources": [
            {
                "name": "pypi",
                "url": "https://pypi.org/simple",
                "verify_ssl": true
            }
        ]
    },
    "default": {
        "tensorflow-addons": {
            "hashes": [
                "sha256:04162a18205ae4319933323cc30366bda4b9e05e4d26097628f87481f191a309",
                "sha256:16f5a6847ddf4578bc835dbdf4434c7f887610cd39d3dfabe65ec5dc863c2baa",
                "sha256:4523e061c77513881ae32ac1e3c4e2e36f84669957970d865fc9bee29d69b659",
                "sha256:5491aa5c22872aa6db1be9ae9e2f2317b5811ad4d1f98a26d730403d22f971a0",
                "sha256:785f3829575a7ffc94ed981aa15213fe4e46900cb42f336fcce1d99fa92174e9",
                "sha256:7984cb75f38efc311b5b922d4d23b69dbc85236c1aca9dbbff8ea41c404ba09f",
                "sha256:90bef4cfa5008a1012ecb41424742d895e5b7b967a3c806f34eccc052f15edc3",
                "sha256:be29b4ed0879ba386e17fc2c55ed7b3bacdfc7c82df8f2f8fc15b847cdbd3a3e",
                "sha256:d3bb0c3a46c3a6fc7bd40be3bbbda4cd4ea99be815aa97b52b7d6ec33fea1851"
            ],
            "index": "pypi",
            "version": "==0.15.0"
        },
        "typeguard": {
            "hashes": [
                "sha256:00edaa8da3a133674796cf5ea87d9f4b4c367d77476e185e80251cc13dfbb8c4",
                "sha256:5e3e3be01e887e7eafae5af63d1f36c849aaa94e3a0112097312aabfa16284f1"
            ],
            "markers": "python_full_version >= '3.5.3'",
            "version": "==2.13.3"
        }
    },
    "develop": {}
}
